{
  "name": "wc-wasm-demo",
  "lockfileVersion": 3,
  "requires": true,
  "packages": {
    "": {
      "name": "wc-wasm-demo",
      "devDependencies": {
        "wabt": "^1.0.36"
      }
    },
    "node_modules/wabt": {
      "version": "1.0.38",
      "resolved": "https://registry.npmjs.org/wabt/-/wabt-1.0.38.tgz",
      "integrity": "sha512-RdeuVjC/nwUmqYGd2S1K8fGmjJR8yTCVve735sdgMbB5ff548n7qxbEwSY92/GFL+lej64d9yNFnHvZBQ05RpQ==",
      "dev": true,
      "license": "Apache-2.0",
      "bin": {
        "wasm-decompile": "bin/wasm-decompile",
        "wasm-interp": "bin/wasm-interp",
        "wasm-objdump": "bin/wasm-objdump",
        "wasm-stats": "bin/wasm-stats",
        "wasm-strip": "bin/wasm-strip",
        "wasm-validate": "bin/wasm-validate",
        "wasm2c": "bin/wasm2c",
        "wasm2wat": "bin/wasm2wat",
        "wat2wasm": "bin/wat2wasm"
      }
    }
  }
}
